{
  "version": 4,
  "terraform_version": "1.5.7",
  "serial": 13,
  "lineage": "3e53e6cc-09d0-6b7c-299d-b08a94d815dc",
  "outputs": {
    "cluster_endpoint": {
      "value": "35.222.3.142",
      "type": "string"
    },
    "cluster_location": {
      "value": "us-central1",
      "type": "string"
    },
    "cluster_name": {
      "value": "receipt-dev-cluster",
      "type": "string"
    }
  },
  "resources": [
    {
      "module": "module.gke",
      "mode": "managed",
      "type": "google_container_cluster",
      "name": "primary",
      "provider": "module.gke.provider[\"registry.terraform.io/hashicorp/google\"]",
      "instances": [
        {
          "schema_version": 2,
          "attributes": {
            "addons_config": [
              {
                "cloudrun_config": [],
                "config_connector_config": [],
                "dns_cache_config": [],
                "gce_persistent_disk_csi_driver_config": [
                  {
                    "enabled": true
                  }
                ],
                "gcp_filestore_csi_driver_config": [],
                "gcs_fuse_csi_driver_config": [],
                "gke_backup_agent_config": [],
                "horizontal_pod_autoscaling": [],
                "http_load_balancing": [],
                "network_policy_config": [
                  {
                    "disabled": true
                  }
                ],
                "ray_operator_config": [],
                "stateful_ha_config": []
              }
            ],
            "allow_net_admin": null,
            "authenticator_groups_config": [],
            "binary_authorization": [
              {
                "enabled": false,
                "evaluation_mode": ""
              }
            ],
            "cluster_autoscaling": [
              {
                "auto_provisioning_defaults": [],
                "auto_provisioning_locations": [],
                "autoscaling_profile": "BALANCED",
                "enabled": false,
                "resource_limits": []
              }
            ],
            "cluster_ipv4_cidr": "10.116.0.0/14",
            "confidential_nodes": [],
            "cost_management_config": [],
            "database_encryption": [
              {
                "key_name": "",
                "state": "DECRYPTED"
              }
            ],
            "datapath_provider": "",
            "default_max_pods_per_node": 110,
            "default_snat_status": [
              {
                "disabled": false
              }
            ],
            "deletion_protection": true,
            "description": "",
            "dns_config": [],
            "enable_autopilot": false,
            "enable_cilium_clusterwide_network_policy": false,
            "enable_intranode_visibility": false,
            "enable_k8s_beta_apis": [],
            "enable_kubernetes_alpha": false,
            "enable_l4_ilb_subsetting": false,
            "enable_legacy_abac": false,
            "enable_multi_networking": false,
            "enable_shielded_nodes": true,
            "enable_tpu": false,
            "endpoint": "35.222.3.142",
            "fleet": [],
            "gateway_api_config": [],
            "id": "projects/eadtud/locations/us-central1/clusters/receipt-dev-cluster",
            "identity_service_config": [],
            "initial_node_count": 0,
            "ip_allocation_policy": [
              {
                "additional_pod_ranges_config": [],
                "cluster_ipv4_cidr_block": "10.116.0.0/14",
                "cluster_secondary_range_name": "gke-receipt-dev-cluster-pods-379c5a10",
                "pod_cidr_overprovision_config": [
                  {
                    "disabled": false
                  }
                ],
                "services_ipv4_cidr_block": "34.118.224.0/20",
                "services_secondary_range_name": "",
                "stack_type": "IPV4"
              }
            ],
            "label_fingerprint": "a9dc16a7",
            "location": "us-central1",
            "logging_config": [
              {
                "enable_components": [
                  "SYSTEM_COMPONENTS",
                  "WORKLOADS"
                ]
              }
            ],
            "logging_service": "logging.googleapis.com/kubernetes",
            "maintenance_policy": [],
            "master_auth": [
              {
                "client_certificate": "",
                "client_certificate_config": [
                  {
                    "issue_client_certificate": false
                  }
                ],
                "client_key": "",
                "cluster_ca_certificate": "LS0tLS1CRUdJTiBDRVJUSUZJQ0FURS0tLS0tCk1JSUVMRENDQXBTZ0F3SUJBZ0lRU09QTzlEU2NSN0VyeEtVcmloY3pSVEFOQmdrcWhraUc5dzBCQVFzRkFEQXYKTVMwd0t3WURWUVFERXlRM1pEbG1PVEV3T0MxaE1qQm1MVFF4WVRFdE9URTBOeTB4WmpBNFpXVTBNRFZoT0RBdwpJQmNOTWpVd05URXhNRFEwTnpRNVdoZ1BNakExTlRBMU1EUXdOVFEzTkRsYU1DOHhMVEFyQmdOVkJBTVRKRGRrCk9XWTVNVEE0TFdFeU1HWXROREZoTVMwNU1UUTNMVEZtTURobFpUUXdOV0U0TURDQ0FhSXdEUVlKS29aSWh2Y04KQVFFQkJRQURnZ0dQQURDQ0FZb0NnZ0dCQVBSa3VSbXd0N3lkZDZqei9HMk1FWmdBZnl5YUpPTlVodHFGMC8vcApBYklxL1FIcERkeXU0bE5kMlBSTmRCdS9LMk50SnFhTDljMW1zcUJveUduREZ6ZUFzL2VPS3FTRHZodCtZNENyCjNMUzh3NXZ0RTB2SE43MDVlWi9pR0wwL1VLWDljZUwza1lud2ovRHNRVm9kc09ta1NmUEp6T2dJVnZ2aDZvL3kKRWp4YkhDZ0lGTW5Yc28wWnlzSjFIZ25mSU9FUDNrZzlsT1hnOFcvWTd1aHY0YkNFS0pSODYwUjU4UWlYSUFLUgpmUFdQT1ZqL3FTcUpXcmhrbGJYU3JWdGRibERPbTQ3bGluS3Z6ck41K0FGelJiNGFaeTV5SldYYXYvbWlGVWZBClRLTnJPWU5JQlNWS1lReTZQNUluaUxGRlpYbUVBUEVJTmNFRFFsL2UzcGxjQk1vMWhvemd4REYyMGlobHA3Zm0Kc1NOOWxNMVYwWXFKZkc0cWxFNGFVWmRPVnRLT0ZHcmNXci85MURiMzNuSTR5L1lYTmp1eG9tcGg2Rm11eWNoWAp0NnFCVnluZ0srNEpvYjJRZ2RuNmFFZ2RScXc2QVVpT0NISW5oSzNIOEs2VnlvQm5vMzgxUkpXSWtXY1ZEdGpaCnFxUFFDUENkUk9QdmFIQ2VJMkFIOHdnb253SURBUUFCbzBJd1FEQU9CZ05WSFE4QkFmOEVCQU1DQWdRd0R3WUQKVlIwVEFRSC9CQVV3QXdFQi96QWRCZ05WSFE0RUZnUVVmS1dtUUZMOGpOTFFZMGZxOHFMekN2N1QxMlF3RFFZSgpLb1pJaHZjTkFRRUxCUUFEZ2dHQkFDaWovOW04TXVlaXZUOGdXY1RFQjBldktNZ3BuNVhEMTdRTjZKVWg2UnY3Ck5yZmdCcFA3VVV5SEFKSG85cU5MVVdhdXpybDB5N243cm1nTzRrN3lOaHIxSm14ekFMOGRCOTJ2SWZuMysyRHoKSGw4TVc0TkttTHFBMlN1ZmtaUnZveWhLT2xsMExwYjM3c1pKbEYxY05GR2lzK0hhclc5aFhuU2ZTeGJvRmtNYgozZ1R5OEJVY2VsUFhhN3VFOHpra2NaQzB5VXU5dWNTekR5TkJ1WW1JRksvU05pT1h2TFRtVFg5TG90Y0IxdkJ2ClhkY0M3QTA4SFA3aWtVQWcvN1NXZDRjSzJodTI5Q0ErNHFKMnI5blBUc1JHeHZObnFiU2kzY3JQWm1MRTJjQTgKUGd4bW85OWNQRjNmV3ZLcDQ2VVJkcEF3akhkL0t2alBpSjhjU3V4c2hodFRoNEQva2VlY0l0aUdzSkZxYnM4ZwpJUGNBeG53ZFZua1Rmc1BsKzBPMEpNREpDak9xMmJQT2Nkcm1JS0hnekQ5cXRIYTZTQjBubG9BUzAvNTk2SHFICmhlck0rc2ZVcmdZRlhkcTRIT2hlSUZHV1haa3BRSUs2bGtZSzJSN0JwbVF3SlpyTWZwZEVtbGZDZWFXRkl1c2cKOHUyN3QyYThSUTQwTE9XSTZXZDBGdz09Ci0tLS0tRU5EIENFUlRJRklDQVRFLS0tLS0K"
              }
            ],
            "master_authorized_networks_config": [],
            "master_version": "1.32.2-gke.1297002",
            "mesh_certificates": [],
            "min_master_version": null,
            "monitoring_config": [
              {
                "advanced_datapath_observability_config": [
                  {
                    "enable_metrics": false,
                    "enable_relay": false,
                    "relay_mode": "DISABLED"
                  }
                ],
                "enable_components": [
                  "SYSTEM_COMPONENTS",
                  "DEPLOYMENT",
                  "STATEFULSET",
                  "JOBSET",
                  "STORAGE",
                  "HPA",
                  "POD",
                  "DAEMONSET",
                  "CADVISOR",
                  "KUBELET",
                  "DCGM"
                ],
                "managed_prometheus": [
                  {
                    "enabled": true
                  }
                ]
              }
            ],
            "monitoring_service": "monitoring.googleapis.com/kubernetes",
            "name": "receipt-dev-cluster",
            "network": "projects/eadtud/global/networks/default",
            "network_policy": [
              {
                "enabled": false,
                "provider": "PROVIDER_UNSPECIFIED"
              }
            ],
            "networking_mode": "VPC_NATIVE",
            "node_config": [
              {
                "advanced_machine_features": [],
                "boot_disk_kms_key": "",
                "confidential_nodes": [],
                "containerd_config": [],
                "disk_size_gb": 25,
                "disk_type": "pd-balanced",
                "effective_taints": [],
                "enable_confidential_storage": false,
                "ephemeral_storage_local_ssd_config": [],
                "fast_socket": [],
                "gcfs_config": [],
                "guest_accelerator": [],
                "gvnic": [],
                "host_maintenance_policy": [],
                "image_type": "COS_CONTAINERD",
                "kubelet_config": [
                  {
                    "cpu_cfs_quota": false,
                    "cpu_cfs_quota_period": "",
                    "cpu_manager_policy": "",
                    "insecure_kubelet_readonly_port_enabled": "FALSE",
                    "pod_pids_limit": 0
                  }
                ],
                "labels": {},
                "linux_node_config": [],
                "local_nvme_ssd_block_config": [],
                "local_ssd_count": 0,
                "logging_variant": "DEFAULT",
                "machine_type": "e2-small",
                "metadata": {
                  "disable-legacy-endpoints": "true"
                },
                "min_cpu_platform": "",
                "node_group": "",
                "oauth_scopes": [
                  "https://www.googleapis.com/auth/devstorage.read_only",
                  "https://www.googleapis.com/auth/logging.write",
                  "https://www.googleapis.com/auth/monitoring",
                  "https://www.googleapis.com/auth/service.management.readonly",
                  "https://www.googleapis.com/auth/servicecontrol",
                  "https://www.googleapis.com/auth/trace.append"
                ],
                "preemptible": false,
                "reservation_affinity": [],
                "resource_labels": {
                  "goog-gke-node-pool-provisioning-model": "on-demand"
                },
                "resource_manager_tags": {},
                "secondary_boot_disks": [],
                "service_account": "default",
                "shielded_instance_config": [
                  {
                    "enable_integrity_monitoring": true,
                    "enable_secure_boot": false
                  }
                ],
                "sole_tenant_config": [],
                "spot": false,
                "tags": [],
                "taint": [],
                "workload_metadata_config": []
              }
            ],
            "node_locations": [
              "us-central1-b",
              "us-central1-c",
              "us-central1-f"
            ],
            "node_pool": [
              {
                "autoscaling": [],
                "initial_node_count": 1,
                "instance_group_urls": [
                  "https://www.googleapis.com/compute/v1/projects/eadtud/zones/us-central1-b/instanceGroupManagers/gke-receipt-dev-cluster-app-pool-26c462fe-grp",
                  "https://www.googleapis.com/compute/v1/projects/eadtud/zones/us-central1-c/instanceGroupManagers/gke-receipt-dev-cluster-app-pool-1c0bd1ac-grp",
                  "https://www.googleapis.com/compute/v1/projects/eadtud/zones/us-central1-f/instanceGroupManagers/gke-receipt-dev-cluster-app-pool-51a2eff0-grp"
                ],
                "managed_instance_group_urls": [
                  "https://www.googleapis.com/compute/v1/projects/eadtud/zones/us-central1-b/instanceGroups/gke-receipt-dev-cluster-app-pool-26c462fe-grp",
                  "https://www.googleapis.com/compute/v1/projects/eadtud/zones/us-central1-c/instanceGroups/gke-receipt-dev-cluster-app-pool-1c0bd1ac-grp",
                  "https://www.googleapis.com/compute/v1/projects/eadtud/zones/us-central1-f/instanceGroups/gke-receipt-dev-cluster-app-pool-51a2eff0-grp"
                ],
                "management": [
                  {
                    "auto_repair": true,
                    "auto_upgrade": true
                  }
                ],
                "max_pods_per_node": 110,
                "name": "app-pool",
                "name_prefix": "",
                "network_config": [
                  {
                    "additional_node_network_configs": [],
                    "additional_pod_network_configs": [],
                    "create_pod_range": false,
                    "enable_private_nodes": false,
                    "network_performance_config": [],
                    "pod_cidr_overprovision_config": [],
                    "pod_ipv4_cidr_block": "10.116.0.0/14",
                    "pod_range": "gke-receipt-dev-cluster-pods-379c5a10"
                  }
                ],
                "node_config": [
                  {
                    "advanced_machine_features": [],
                    "boot_disk_kms_key": "",
                    "confidential_nodes": [],
                    "containerd_config": [],
                    "disk_size_gb": 25,
                    "disk_type": "pd-balanced",
                    "effective_taints": [],
                    "enable_confidential_storage": false,
                    "ephemeral_storage_local_ssd_config": [],
                    "fast_socket": [],
                    "gcfs_config": [],
                    "guest_accelerator": [],
                    "gvnic": [],
                    "host_maintenance_policy": [],
                    "image_type": "COS_CONTAINERD",
                    "kubelet_config": [
                      {
                        "cpu_cfs_quota": false,
                        "cpu_cfs_quota_period": "",
                        "cpu_manager_policy": "",
                        "insecure_kubelet_readonly_port_enabled": "FALSE",
                        "pod_pids_limit": 0
                      }
                    ],
                    "labels": {},
                    "linux_node_config": [],
                    "local_nvme_ssd_block_config": [],
                    "local_ssd_count": 0,
                    "logging_variant": "DEFAULT",
                    "machine_type": "e2-small",
                    "metadata": {
                      "disable-legacy-endpoints": "true"
                    },
                    "min_cpu_platform": "",
                    "node_group": "",
                    "oauth_scopes": [
                      "https://www.googleapis.com/auth/devstorage.read_only",
                      "https://www.googleapis.com/auth/logging.write",
                      "https://www.googleapis.com/auth/monitoring",
                      "https://www.googleapis.com/auth/service.management.readonly",
                      "https://www.googleapis.com/auth/servicecontrol",
                      "https://www.googleapis.com/auth/trace.append"
                    ],
                    "preemptible": false,
                    "reservation_affinity": [],
                    "resource_labels": {
                      "goog-gke-node-pool-provisioning-model": "on-demand"
                    },
                    "resource_manager_tags": {},
                    "secondary_boot_disks": [],
                    "service_account": "default",
                    "shielded_instance_config": [
                      {
                        "enable_integrity_monitoring": true,
                        "enable_secure_boot": false
                      }
                    ],
                    "sole_tenant_config": [],
                    "spot": false,
                    "tags": [],
                    "taint": [],
                    "workload_metadata_config": []
                  }
                ],
                "node_count": 1,
                "node_locations": [
                  "us-central1-b",
                  "us-central1-c",
                  "us-central1-f"
                ],
                "placement_policy": [],
                "queued_provisioning": [],
                "upgrade_settings": [
                  {
                    "blue_green_settings": [],
                    "max_surge": 1,
                    "max_unavailable": 0,
                    "strategy": "SURGE"
                  }
                ],
                "version": "1.32.2-gke.1297002"
              }
            ],
            "node_pool_auto_config": [
              {
                "network_tags": [],
                "node_kubelet_config": [
                  {
                    "insecure_kubelet_readonly_port_enabled": "FALSE"
                  }
                ],
                "resource_manager_tags": {}
              }
            ],
            "node_pool_defaults": [
              {
                "node_config_defaults": [
                  {
                    "containerd_config": [],
                    "insecure_kubelet_readonly_port_enabled": "FALSE",
                    "logging_variant": "DEFAULT"
                  }
                ]
              }
            ],
            "node_version": "1.32.2-gke.1297002",
            "notification_config": [
              {
                "pubsub": [
                  {
                    "enabled": false,
                    "filter": [],
                    "topic": ""
                  }
                ]
              }
            ],
            "operation": null,
            "private_cluster_config": [
              {
                "enable_private_endpoint": false,
                "enable_private_nodes": false,
                "master_global_access_config": [
                  {
                    "enabled": false
                  }
                ],
                "master_ipv4_cidr_block": "",
                "peering_name": "",
                "private_endpoint": "10.128.0.39",
                "private_endpoint_subnetwork": "",
                "public_endpoint": "35.222.3.142"
              }
            ],
            "private_ipv6_google_access": "",
            "project": "eadtud",
            "release_channel": [
              {
                "channel": "REGULAR"
              }
            ],
            "remove_default_node_pool": true,
            "resource_labels": {},
            "resource_usage_export_config": [],
            "security_posture_config": [
              {
                "mode": "BASIC",
                "vulnerability_mode": "VULNERABILITY_MODE_UNSPECIFIED"
              }
            ],
            "self_link": "https://container.googleapis.com/v1/projects/eadtud/locations/us-central1/clusters/receipt-dev-cluster",
            "service_external_ips_config": [
              {
                "enabled": false
              }
            ],
            "services_ipv4_cidr": "34.118.224.0/20",
            "subnetwork": "projects/eadtud/regions/us-central1/subnetworks/default",
            "timeouts": null,
            "tpu_ipv4_cidr_block": "",
            "vertical_pod_autoscaling": [],
            "workload_identity_config": []
          },
          "sensitive_attributes": [],
          "private": "eyJlMmJmYjczMC1lY2FhLTExZTYtOGY4OC0zNDM2M2JjN2M0YzAiOnsiY3JlYXRlIjoyNDAwMDAwMDAwMDAwLCJkZWxldGUiOjI0MDAwMDAwMDAwMDAsInJlYWQiOjI0MDAwMDAwMDAwMDAsInVwZGF0ZSI6MzYwMDAwMDAwMDAwMH0sInNjaGVtYV92ZXJzaW9uIjoiMiJ9"
        }
      ]
    }
  ],
  "check_results": null
}
