{
  "version": 4,
  "terraform_version": "1.5.7",
  "serial": 3,
  "lineage": "951ed066-b84e-4b70-6e59-be83d426b1bb",
  "outputs": {},
  "resources": [
    {
      "module": "module.gke",
      "mode": "managed",
      "type": "google_container_cluster",
      "name": "primary",
      "provider": "module.gke.provider[\"registry.terraform.io/hashicorp/google\"]",
      "instances": [
        {
          "status": "tainted",
          "schema_version": 2,
          "attributes": {
            "addons_config": null,
            "allow_net_admin": null,
            "authenticator_groups_config": null,
            "binary_authorization": [],
            "cluster_autoscaling": null,
            "cluster_ipv4_cidr": null,
            "confidential_nodes": null,
            "control_plane_endpoints_config": null,
            "cost_management_config": null,
            "database_encryption": null,
            "datapath_provider": null,
            "default_max_pods_per_node": null,
            "default_snat_status": null,
            "deletion_protection": false,
            "description": null,
            "disable_l4_lb_firewall_reconciliation": false,
            "dns_config": [],
            "effective_labels": {
              "goog-terraform-provisioned": "true"
            },
            "enable_autopilot": null,
            "enable_cilium_clusterwide_network_policy": false,
            "enable_fqdn_network_policy": false,
            "enable_intranode_visibility": null,
            "enable_k8s_beta_apis": [],
            "enable_kubernetes_alpha": false,
            "enable_l4_ilb_subsetting": false,
            "enable_legacy_abac": false,
            "enable_multi_networking": false,
            "enable_shielded_nodes": true,
            "enable_tpu": null,
            "endpoint": null,
            "enterprise_config": null,
            "fleet": [],
            "gateway_api_config": null,
            "id": "projects/eadtud/locations/us-central1/clusters/receipt-prod-cluster",
            "identity_service_config": null,
            "initial_node_count": null,
            "ip_allocation_policy": null,
            "label_fingerprint": null,
            "location": "us-central1",
            "logging_config": null,
            "logging_service": null,
            "maintenance_policy": [],
            "master_auth": null,
            "master_authorized_networks_config": null,
            "master_version": null,
            "mesh_certificates": null,
            "min_master_version": null,
            "monitoring_config": null,
            "monitoring_service": null,
            "name": "receipt-prod-cluster",
            "network": "default",
            "network_policy": [],
            "networking_mode": "VPC_NATIVE",
            "node_config": null,
            "node_locations": [],
            "node_pool": [
              {
                "autoscaling": [],
                "initial_node_count": 1,
                "instance_group_urls": [],
                "managed_instance_group_urls": [],
                "management": [],
                "max_pods_per_node": 0,
                "name": "app-pool",
                "name_prefix": "",
                "network_config": [],
                "node_config": [
                  {
                    "advanced_machine_features": [],
                    "boot_disk_kms_key": "",
                    "confidential_nodes": [],
                    "containerd_config": [],
                    "disk_size_gb": 50,
                    "disk_type": "",
                    "effective_taints": [],
                    "enable_confidential_storage": false,
                    "ephemeral_storage_local_ssd_config": [],
                    "fast_socket": [],
                    "gcfs_config": [],
                    "guest_accelerator": [],
                    "gvnic": [],
                    "host_maintenance_policy": [],
                    "image_type": "",
                    "kubelet_config": [],
                    "labels": {},
                    "linux_node_config": [],
                    "local_nvme_ssd_block_config": [],
                    "local_ssd_count": 0,
                    "local_ssd_encryption_mode": "",
                    "logging_variant": "",
                    "machine_type": "e2-small",
                    "max_run_duration": "",
                    "metadata": {},
                    "min_cpu_platform": "",
                    "node_group": "",
                    "oauth_scopes": [],
                    "preemptible": false,
                    "reservation_affinity": [],
                    "resource_labels": null,
                    "resource_manager_tags": null,
                    "secondary_boot_disks": [],
                    "service_account": "",
                    "shielded_instance_config": [],
                    "sole_tenant_config": [],
                    "spot": false,
                    "storage_pools": null,
                    "tags": null,
                    "taint": [],
                    "windows_node_config": [],
                    "workload_metadata_config": []
                  }
                ],
                "node_count": 0,
                "node_locations": [],
                "placement_policy": [],
                "queued_provisioning": [],
                "upgrade_settings": [],
                "version": ""
              }
            ],
            "node_pool_auto_config": null,
            "node_pool_defaults": null,
            "node_version": null,
            "notification_config": null,
            "operation": null,
            "private_cluster_config": [],
            "private_ipv6_google_access": null,
            "project": null,
            "release_channel": [
              {
                "channel": "REGULAR"
              }
            ],
            "remove_default_node_pool": true,
            "resource_labels": null,
            "resource_usage_export_config": [],
            "secret_manager_config": [],
            "security_posture_config": null,
            "self_link": null,
            "service_external_ips_config": null,
            "services_ipv4_cidr": null,
            "subnetwork": null,
            "terraform_labels": {
              "goog-terraform-provisioned": "true"
            },
            "timeouts": null,
            "tpu_ipv4_cidr_block": null,
            "user_managed_keys_config": [],
            "vertical_pod_autoscaling": null,
            "workload_identity_config": null
          },
          "sensitive_attributes": [],
          "private": "eyJlMmJmYjczMC1lY2FhLTExZTYtOGY4OC0zNDM2M2JjN2M0YzAiOnsiY3JlYXRlIjoyNDAwMDAwMDAwMDAwLCJkZWxldGUiOjI0MDAwMDAwMDAwMDAsInJlYWQiOjI0MDAwMDAwMDAwMDAsInVwZGF0ZSI6MzYwMDAwMDAwMDAwMH0sInNjaGVtYV92ZXJzaW9uIjoiMiJ9"
        }
      ]
    }
  ],
  "check_results": null
}
